
Microsoft Visual Studio Solution File, Format Version 11.00
# Visual C++ Express 2010
Project("{8BC9CEB8-8B4A-11D0-8D11-00A0C91BC942}") = "DNS2SOCKS", "DNS2SOCKS\DNS2SOCKS.vcxproj", "{F19D3415-2E79-45EF-9893-4D9E2010B976}"
EndProject
Global
	GlobalSection(SolutionConfigurationPlatforms) = preSolution
		Debug|Win32 = Debug|Win32
		Release|Win32 = Release|Win32
	EndGlobalSection
	GlobalSection(ProjectConfigurationPlatforms) = postSolution
		{F19D3415-2E79-45EF-9893-4D9E2010B976}.Debug|Win32.ActiveCfg = Debug|Win32
		{F19D3415-2E79-45EF-9893-4D9E2010B976}.Debug|Win32.Build.0 = Debug|Win32
		{F19D3415-2E79-45EF-9893-4D9E2010B976}.Release|Win32.ActiveCfg = Release|Win32
		{F19D3415-2E79-45EF-9893-4D9E2010B976}.Release|Win32.Build.0 = Release|Win32
	EndGlobalSection
	GlobalSection(SolutionProperties) = preSolution
		HideSolutionNode = FALSE
	EndGlobalSection
EndGlobal
